
Microsoft Visual Studio Solution File, Format Version 12.00
# Visual Studio Version 17
VisualStudioVersion = 17.4.33213.308
MinimumVisualStudioVersion = 10.0.40219.1
Project("{FAE04EC0-301F-11D3-BF4B-00C04F79EFBC}") = "CRUD", "CRUD.csproj", "{EDD17CC6-0B63-4AC6-836D-3530C70EB3CA}"
EndProject
Global
	GlobalSection(SolutionConfigurationPlatforms) = preSolution
		Debug|Any CPU = Debug|Any CPU
		Release|Any CPU = Release|Any CPU
	EndGlobalSection
	GlobalSection(ProjectConfigurationPlatforms) = postSolution
		{EDD17CC6-0B63-4AC6-836D-3530C70EB3CA}.Debug|Any CPU.ActiveCfg = Debug|Any CPU
		{EDD17CC6-0B63-4AC6-836D-3530C70EB3CA}.Debug|Any CPU.Build.0 = Debug|Any CPU
		{EDD17CC6-0B63-4AC6-836D-3530C70EB3CA}.Release|Any CPU.ActiveCfg = Release|Any CPU
		{EDD17CC6-0B63-4AC6-836D-3530C70EB3CA}.Release|Any CPU.Build.0 = Release|Any CPU
	EndGlobalSection
	GlobalSection(SolutionProperties) = preSolution
		HideSolutionNode = FALSE
	EndGlobalSection
	GlobalSection(ExtensibilityGlobals) = postSolution
		SolutionGuid = {6CA02605-F0D3-4BDE-82BB-73F533F62232}
	EndGlobalSection
EndGlobal
